
Microsoft Visual Studio Solution File, Format Version 12.00
# Visual Studio Version 17
VisualStudioVersion = 17.13.35825.156
MinimumVisualStudioVersion = 10.0.40219.1
Project("{FAE04EC0-301F-11D3-BF4B-00C04F79EFBC}") = "CathSpeak.Web", "CathSpeak.Web\CathSpeak.Web.csproj", "{4CEEAFD6-ED76-40CE-A21C-344C75438BFB}"
EndProject
Global
	GlobalSection(SolutionConfigurationPlatforms) = preSolution
		Debug|Any CPU = Debug|Any CPU
		Release|Any CPU = Release|Any CPU
	EndGlobalSection
	GlobalSection(ProjectConfigurationPlatforms) = postSolution
		{4CEEAFD6-ED76-40CE-A21C-344C75438BFB}.Debug|Any CPU.ActiveCfg = Debug|Any CPU
		{4CEEAFD6-ED76-40CE-A21C-344C75438BFB}.Debug|Any CPU.Build.0 = Debug|Any CPU
		{4CEEAFD6-ED76-40CE-A21C-344C75438BFB}.Release|Any CPU.ActiveCfg = Release|Any CPU
		{4CEEAFD6-ED76-40CE-A21C-344C75438BFB}.Release|Any CPU.Build.0 = Release|Any CPU
	EndGlobalSection
	GlobalSection(SolutionProperties) = preSolution
		HideSolutionNode = FALSE
	EndGlobalSection
	GlobalSection(ExtensibilityGlobals) = postSolution
		SolutionGuid = {C87AB0E9-8511-4999-80BF-68B9EE92B883}
	EndGlobalSection
EndGlobal
